
Microsoft Visual Studio Solution File, Format Version 12.00
# Visual Studio Version 17
VisualStudioVersion = 17.10.35122.118
MinimumVisualStudioVersion = 10.0.40219.1
Project("{F2A71F9B-5D33-465A-A702-920D77279786}") = "Grid", "Grid.fsproj", "{70A43558-6CFE-4F0E-AE22-D9F09E6FD160}"
EndProject
Global
	GlobalSection(SolutionConfigurationPlatforms) = preSolution
		Debug|Any CPU = Debug|Any CPU
		Release|Any CPU = Release|Any CPU
	EndGlobalSection
	GlobalSection(ProjectConfigurationPlatforms) = postSolution
		{70A43558-6CFE-4F0E-AE22-D9F09E6FD160}.Debug|Any CPU.ActiveCfg = Debug|Any CPU
		{70A43558-6CFE-4F0E-AE22-D9F09E6FD160}.Debug|Any CPU.Build.0 = Debug|Any CPU
		{70A43558-6CFE-4F0E-AE22-D9F09E6FD160}.Release|Any CPU.ActiveCfg = Release|Any CPU
		{70A43558-6CFE-4F0E-AE22-D9F09E6FD160}.Release|Any CPU.Build.0 = Release|Any CPU
	EndGlobalSection
	GlobalSection(SolutionProperties) = preSolution
		HideSolutionNode = FALSE
	EndGlobalSection
	GlobalSection(ExtensibilityGlobals) = postSolution
		SolutionGuid = {2B337B0D-D1EF-4F0F-A3A2-16A313F03E47}
	EndGlobalSection
EndGlobal
